{
  "pins" : [
    {
      "identity" : "swiftp2pconnector",
      "kind" : "remoteSourceControl",
      "location" : "https://github.com/dantoso/SwiftP2PConnector",
      "state" : {
        "branch" : "main",
        "revision" : "87439fa53951d92dfa5df056d0d3ebdaa67f0164"
      }
    }
  ],
  "version" : 2
}
